{
    "_readme": [
        "This file locks the dependencies of your project to a known state",
        "Read more about it at https://getcomposer.org/doc/01-basic-usage.md#installing-dependencies",
        "This file is @generated automatically"
    ],
    "content-hash": "f2d190ed9b8a3181c8d32beb8d8802b5",
    "packages": [
        {
            "name": "freemius/wordpress-sdk",
            "version": "2.5.10",
            "dist": {
                "type": "zip",
                "url": "/tmp/wordpress-sdk-2.5.10.zip"
            },
            "type": "library"
        },
        {
            "name": "orhanerday/open-ai",
            "version": "4.8",
            "source": {
                "type": "git",
                "url": "https://github.com/orhanerday/open-ai.git",
                "reference": "896665e293689d68de4b1e9813a2e0b00a06f5ef"
            },
            "dist": {
                "type": "zip",
                "url": "https://api.github.com/repos/orhanerday/open-ai/zipball/896665e293689d68de4b1e9813a2e0b00a06f5ef",
                "reference": "896665e293689d68de4b1e9813a2e0b00a06f5ef",
                "shasum": ""
            },
            "require": {
                "ext-curl": "*",
                "ext-json": "*",
                "php": ">=7.4"
            },
            "require-dev": {
                "friendsofphp/php-cs-fixer": "^3.0",
                "pestphp/pest": "^1.20",
                "spatie/ray": "^1.28"
            },
            "type": "library",
            "autoload": {
                "psr-4": {
                    "Orhanerday\\OpenAi\\": "src"
                }
            },
            "notification-url": "https://packagist.org/downloads/",
            "license": [
                "MIT"
            ],
            "authors": [
                {
                    "name": "Orhan Erday",
                    "email": "orhanerday@gmail.com",
                    "role": "Developer"
                }
            ],
            "description": "OpenAI GPT-3 Api Client in PHP",
            "homepage": "https://github.com/orhanerday/open-ai",
            "keywords": [
                "open-ai",
                "orhanerday"
            ],
            "support": {
                "issues": "https://github.com/orhanerday/open-ai/issues",
                "source": "https://github.com/orhanerday/open-ai/tree/4.8"
            },
            "funding": [
                {
                    "url": "https://github.com/orhanerday",
                    "type": "github"
                }
            ],
            "time": "2023-06-11T09:25:47+00:00"
        },
        {
            "name": "youniwemi/wp-settings-kit",
            "version": "1.1.0",
            "source": {
                "type": "git",
                "url": "https://github.com/Youniwemi/WP-OOP-Settings-API.git",
                "reference": "7071d0bda386510c214b80408671321c72aa4d36"
            },
            "dist": {
                "type": "zip",
                "url": "https://api.github.com/repos/Youniwemi/WP-OOP-Settings-API/zipball/7071d0bda386510c214b80408671321c72aa4d36",
                "reference": "7071d0bda386510c214b80408671321c72aa4d36",
                "shasum": ""
            },
            "require": {
                "php": ">=7.4"
            },
            "type": "library",
            "autoload": {
                "files": [
                    "class-wp-settings-kit.php"
                ]
            },
            "notification-url": "https://packagist.org/downloads/",
            "license": [
                "GPL-2.0"
            ],
            "description": "WP Settings Kit is a lightweight library for easily creating WordPress settings pages and Post metaboxes.",
            "support": {
                "source": "https://github.com/Youniwemi/WP-OOP-Settings-API/tree/1.1.0"
            },
            "time": "2023-05-07T17:06:39+00:00"
        }
    ],
    "packages-dev": [],
    "aliases": [],
    "minimum-stability": "stable",
    "stability-flags": [],
    "prefer-stable": false,
    "prefer-lowest": false,
    "platform": [],
    "platform-dev": [],
    "plugin-api-version": "2.3.0"
}
